// !$*UTF8*$!
{
	archiveVersion = 1;
	classes = {
	};
	objectVersion = 50;
	objects = {

/* Begin PBXBuildFile section */
		0C730E0515FF852FD5F002C2 /* Pods_MOS_iOSTests.framework in Frameworks */ = {isa = PBXBuildFile; fileRef = E165DA1D8C6C06A9D63B8F89 /* Pods_MOS_iOSTests.framework */; };
		5113053E89E5FD4B944D1838 /* Pods_MOS_iOS.framework in Frameworks */ = {isa = PBXBuildFile; fileRef = 9419DB723ED3221E81C298F8 /* Pods_MOS_iOS.framework */; };
		6801599C226552C400C003FA /* SignInVC.swift in Sources */ = {isa = PBXBuildFile; fileRef = 6801599B226552C400C003FA /* SignInVC.swift */; };
		6801599E2265B61C00C003FA /* Base.swift in Sources */ = {isa = PBXBuildFile; fileRef = 6801599D2265B61C00C003FA /* Base.swift */; };
		680B10CE226D54C400166458 /* APIProtocol.swift in Sources */ = {isa = PBXBuildFile; fileRef = 680B10CD226D54C400166458 /* APIProtocol.swift */; };
		68236B4C2266F9D6007BB672 /* filterIcon.png in Resources */ = {isa = PBXBuildFile; fileRef = 68236B4B2266F9D6007BB672 /* filterIcon.png */; };
		68236B50226703BA007BB672 /* StartViewModel.swift in Sources */ = {isa = PBXBuildFile; fileRef = 68236B4F226703BA007BB672 /* StartViewModel.swift */; };
		68236B54226707F8007BB672 /* LoginViewModel.swift in Sources */ = {isa = PBXBuildFile; fileRef = 68236B53226707F8007BB672 /* LoginViewModel.swift */; };
		68386BC92250F422007BEB71 /* Colors.swift in Sources */ = {isa = PBXBuildFile; fileRef = 68386BC82250F422007BEB71 /* Colors.swift */; };
		68386BCC2250F8D5007BEB71 /* StartVC.swift in Sources */ = {isa = PBXBuildFile; fileRef = 68386BCB2250F8D5007BEB71 /* StartVC.swift */; };
		68386BCE2250F917007BEB71 /* SignUpVC.swift in Sources */ = {isa = PBXBuildFile; fileRef = 68386BCD2250F917007BEB71 /* SignUpVC.swift */; };
		6838C9A42249F33100FB802A /* AppDelegate.swift in Sources */ = {isa = PBXBuildFile; fileRef = 6838C9A32249F33100FB802A /* AppDelegate.swift */; };
		6838C9AC2249F33100FB802A /* MOS_iOS.xcdatamodeld in Sources */ = {isa = PBXBuildFile; fileRef = 6838C9AA2249F33100FB802A /* MOS_iOS.xcdatamodeld */; };
		6838C9AE2249F33300FB802A /* Assets.xcassets in Resources */ = {isa = PBXBuildFile; fileRef = 6838C9AD2249F33300FB802A /* Assets.xcassets */; };
		6838C9B12249F33300FB802A /* LaunchScreen.storyboard in Resources */ = {isa = PBXBuildFile; fileRef = 6838C9AF2249F33300FB802A /* LaunchScreen.storyboard */; };
		6838C9BC2249F33300FB802A /* MOS_iOSTests.swift in Sources */ = {isa = PBXBuildFile; fileRef = 6838C9BB2249F33300FB802A /* MOS_iOSTests.swift */; };
		6838C9C72249F33300FB802A /* MOS_iOSUITests.swift in Sources */ = {isa = PBXBuildFile; fileRef = 6838C9C62249F33300FB802A /* MOS_iOSUITests.swift */; };
		6839D8B7228D2161002C1135 /* TokenModel.swift in Sources */ = {isa = PBXBuildFile; fileRef = 6839D8B6228D2161002C1135 /* TokenModel.swift */; };
		6839D8BA228D32A4002C1135 /* LoginNodes.swift in Sources */ = {isa = PBXBuildFile; fileRef = 6839D8B9228D32A4002C1135 /* LoginNodes.swift */; };
		6839DA43227707BC00AA12D6 /* PostsViewModel.swift in Sources */ = {isa = PBXBuildFile; fileRef = 6839DA42227707BC00AA12D6 /* PostsViewModel.swift */; };
		6839DA452277090C00AA12D6 /* Api.swift in Sources */ = {isa = PBXBuildFile; fileRef = 6839DA442277090C00AA12D6 /* Api.swift */; };
		6839DA47227714FC00AA12D6 /* user.png in Resources */ = {isa = PBXBuildFile; fileRef = 6839DA46227714FC00AA12D6 /* user.png */; };
		683D76D3226E8A7300ED1248 /* Connector.swift in Sources */ = {isa = PBXBuildFile; fileRef = 683D76D2226E8A7300ED1248 /* Connector.swift */; };
		68420A272275E225001AD39E /* PostsCell.swift in Sources */ = {isa = PBXBuildFile; fileRef = 68420A262275E225001AD39E /* PostsCell.swift */; };
		68BF6D9522714090007C6DB0 /* PostsApi.swift in Sources */ = {isa = PBXBuildFile; fileRef = 68BF6D9422714090007C6DB0 /* PostsApi.swift */; };
		68BF6D9722714191007C6DB0 /* MyPageApi.swift in Sources */ = {isa = PBXBuildFile; fileRef = 68BF6D9622714191007C6DB0 /* MyPageApi.swift */; };
		68E0952B22519A4A004E8ADC /* MyPageVC.swift in Sources */ = {isa = PBXBuildFile; fileRef = 68E0952A22519A4A004E8ADC /* MyPageVC.swift */; };
		68E0952F22519A8D004E8ADC /* PostsVC.swift in Sources */ = {isa = PBXBuildFile; fileRef = 68E0952E22519A8D004E8ADC /* PostsVC.swift */; };
		D98E771418BAD35F8E1CE200 /* Pods_MOS_iOSUITests.framework in Frameworks */ = {isa = PBXBuildFile; fileRef = A89381DDD70219252A742CF7 /* Pods_MOS_iOSUITests.framework */; };
/* End PBXBuildFile section */

/* Begin PBXContainerItemProxy section */
		6838C9B82249F33300FB802A /* PBXContainerItemProxy */ = {
			isa = PBXContainerItemProxy;
			containerPortal = 6838C9982249F33100FB802A /* Project object */;
			proxyType = 1;
			remoteGlobalIDString = 6838C99F2249F33100FB802A;
			remoteInfo = "MOS-iOS";
		};
		6838C9C32249F33300FB802A /* PBXContainerItemProxy */ = {
			isa = PBXContainerItemProxy;
			containerPortal = 6838C9982249F33100FB802A /* Project object */;
			proxyType = 1;
			remoteGlobalIDString = 6838C99F2249F33100FB802A;
			remoteInfo = "MOS-iOS";
		};
/* End PBXContainerItemProxy section */

/* Begin PBXFileReference section */
		08FC94CCE83B0CB8F096A240 /* Pods-MOS-iOSUITests.release.xcconfig */ = {isa = PBXFileReference; includeInIndex = 1; lastKnownFileType = text.xcconfig; name = "Pods-MOS-iOSUITests.release.xcconfig"; path = "Pods/Target Support Files/Pods-MOS-iOSUITests/Pods-MOS-iOSUITests.release.xcconfig"; sourceTree = "<group>"; };
		0C8792827A0F86AE64AB5A09 /* Pods-MOS-iOS.release.xcconfig */ = {isa = PBXFileReference; includeInIndex = 1; lastKnownFileType = text.xcconfig; name = "Pods-MOS-iOS.release.xcconfig"; path = "Pods/Target Support Files/Pods-MOS-iOS/Pods-MOS-iOS.release.xcconfig"; sourceTree = "<group>"; };
		4D62EDFE0E8853A5F65C7193 /* Pods-MOS-iOSUITests.debug.xcconfig */ = {isa = PBXFileReference; includeInIndex = 1; lastKnownFileType = text.xcconfig; name = "Pods-MOS-iOSUITests.debug.xcconfig"; path = "Pods/Target Support Files/Pods-MOS-iOSUITests/Pods-MOS-iOSUITests.debug.xcconfig"; sourceTree = "<group>"; };
		6801599B226552C400C003FA /* SignInVC.swift */ = {isa = PBXFileReference; lastKnownFileType = sourcecode.swift; path = SignInVC.swift; sourceTree = "<group>"; };
		6801599D2265B61C00C003FA /* Base.swift */ = {isa = PBXFileReference; lastKnownFileType = sourcecode.swift; path = Base.swift; sourceTree = "<group>"; };
		680B10CD226D54C400166458 /* APIProtocol.swift */ = {isa = PBXFileReference; lastKnownFileType = sourcecode.swift; path = APIProtocol.swift; sourceTree = "<group>"; };
		68236B4B2266F9D6007BB672 /* filterIcon.png */ = {isa = PBXFileReference; lastKnownFileType = image.png; path = filterIcon.png; sourceTree = "<group>"; };
		68236B4F226703BA007BB672 /* StartViewModel.swift */ = {isa = PBXFileReference; lastKnownFileType = sourcecode.swift; path = StartViewModel.swift; sourceTree = "<group>"; };
		68236B53226707F8007BB672 /* LoginViewModel.swift */ = {isa = PBXFileReference; lastKnownFileType = sourcecode.swift; path = LoginViewModel.swift; sourceTree = "<group>"; };
		68386BC82250F422007BEB71 /* Colors.swift */ = {isa = PBXFileReference; lastKnownFileType = sourcecode.swift; path = Colors.swift; sourceTree = "<group>"; };
		68386BCB2250F8D5007BEB71 /* StartVC.swift */ = {isa = PBXFileReference; lastKnownFileType = sourcecode.swift; path = StartVC.swift; sourceTree = "<group>"; };
		68386BCD2250F917007BEB71 /* SignUpVC.swift */ = {isa = PBXFileReference; lastKnownFileType = sourcecode.swift; path = SignUpVC.swift; sourceTree = "<group>"; };
		6838C9A02249F33100FB802A /* MOS-iOS.app */ = {isa = PBXFileReference; explicitFileType = wrapper.application; includeInIndex = 0; path = "MOS-iOS.app"; sourceTree = BUILT_PRODUCTS_DIR; };
		6838C9A32249F33100FB802A /* AppDelegate.swift */ = {isa = PBXFileReference; lastKnownFileType = sourcecode.swift; path = AppDelegate.swift; sourceTree = "<group>"; };
		6838C9AB2249F33100FB802A /* MOS_iOS.xcdatamodel */ = {isa = PBXFileReference; lastKnownFileType = wrapper.xcdatamodel; path = MOS_iOS.xcdatamodel; sourceTree = "<group>"; };
		6838C9AD2249F33300FB802A /* Assets.xcassets */ = {isa = PBXFileReference; lastKnownFileType = folder.assetcatalog; path = Assets.xcassets; sourceTree = "<group>"; };
		6838C9B02249F33300FB802A /* Base */ = {isa = PBXFileReference; lastKnownFileType = file.storyboard; name = Base; path = Base.lproj/LaunchScreen.storyboard; sourceTree = "<group>"; };
		6838C9B22249F33300FB802A /* Info.plist */ = {isa = PBXFileReference; lastKnownFileType = text.plist.xml; path = Info.plist; sourceTree = "<group>"; };
		6838C9B72249F33300FB802A /* MOS-iOSTests.xctest */ = {isa = PBXFileReference; explicitFileType = wrapper.cfbundle; includeInIndex = 0; path = "MOS-iOSTests.xctest"; sourceTree = BUILT_PRODUCTS_DIR; };
		6838C9BB2249F33300FB802A /* MOS_iOSTests.swift */ = {isa = PBXFileReference; lastKnownFileType = sourcecode.swift; path = MOS_iOSTests.swift; sourceTree = "<group>"; };
		6838C9BD2249F33300FB802A /* Info.plist */ = {isa = PBXFileReference; lastKnownFileType = text.plist.xml; path = Info.plist; sourceTree = "<group>"; };
		6838C9C22249F33300FB802A /* MOS-iOSUITests.xctest */ = {isa = PBXFileReference; explicitFileType = wrapper.cfbundle; includeInIndex = 0; path = "MOS-iOSUITests.xctest"; sourceTree = BUILT_PRODUCTS_DIR; };
		6838C9C62249F33300FB802A /* MOS_iOSUITests.swift */ = {isa = PBXFileReference; lastKnownFileType = sourcecode.swift; path = MOS_iOSUITests.swift; sourceTree = "<group>"; };
		6838C9C82249F33300FB802A /* Info.plist */ = {isa = PBXFileReference; lastKnownFileType = text.plist.xml; path = Info.plist; sourceTree = "<group>"; };
		6839D8B6228D2161002C1135 /* TokenModel.swift */ = {isa = PBXFileReference; lastKnownFileType = sourcecode.swift; path = TokenModel.swift; sourceTree = "<group>"; };
		6839D8B9228D32A4002C1135 /* LoginNodes.swift */ = {isa = PBXFileReference; lastKnownFileType = sourcecode.swift; path = LoginNodes.swift; sourceTree = "<group>"; };
		6839DA42227707BC00AA12D6 /* PostsViewModel.swift */ = {isa = PBXFileReference; lastKnownFileType = sourcecode.swift; path = PostsViewModel.swift; sourceTree = "<group>"; };
		6839DA442277090C00AA12D6 /* Api.swift */ = {isa = PBXFileReference; lastKnownFileType = sourcecode.swift; path = Api.swift; sourceTree = "<group>"; };
		6839DA46227714FC00AA12D6 /* user.png */ = {isa = PBXFileReference; lastKnownFileType = image.png; path = user.png; sourceTree = "<group>"; };
		683D76D2226E8A7300ED1248 /* Connector.swift */ = {isa = PBXFileReference; lastKnownFileType = sourcecode.swift; path = Connector.swift; sourceTree = "<group>"; };
		68420A262275E225001AD39E /* PostsCell.swift */ = {isa = PBXFileReference; lastKnownFileType = sourcecode.swift; path = PostsCell.swift; sourceTree = "<group>"; };
		68BF6D9422714090007C6DB0 /* PostsApi.swift */ = {isa = PBXFileReference; lastKnownFileType = sourcecode.swift; path = PostsApi.swift; sourceTree = "<group>"; };
		68BF6D9622714191007C6DB0 /* MyPageApi.swift */ = {isa = PBXFileReference; lastKnownFileType = sourcecode.swift; path = MyPageApi.swift; sourceTree = "<group>"; };
		68E0952A22519A4A004E8ADC /* MyPageVC.swift */ = {isa = PBXFileReference; lastKnownFileType = sourcecode.swift; path = MyPageVC.swift; sourceTree = "<group>"; };
		68E0952E22519A8D004E8ADC /* PostsVC.swift */ = {isa = PBXFileReference; lastKnownFileType = sourcecode.swift; path = PostsVC.swift; sourceTree = "<group>"; };
		84F4AFAB072E2207B7CFE490 /* Pods-MOS-iOS.debug.xcconfig */ = {isa = PBXFileReference; includeInIndex = 1; lastKnownFileType = text.xcconfig; name = "Pods-MOS-iOS.debug.xcconfig"; path = "Pods/Target Support Files/Pods-MOS-iOS/Pods-MOS-iOS.debug.xcconfig"; sourceTree = "<group>"; };
		9419DB723ED3221E81C298F8 /* Pods_MOS_iOS.framework */ = {isa = PBXFileReference; explicitFileType = wrapper.framework; includeInIndex = 0; path = Pods_MOS_iOS.framework; sourceTree = BUILT_PRODUCTS_DIR; };
		A89381DDD70219252A742CF7 /* Pods_MOS_iOSUITests.framework */ = {isa = PBXFileReference; explicitFileType = wrapper.framework; includeInIndex = 0; path = Pods_MOS_iOSUITests.framework; sourceTree = BUILT_PRODUCTS_DIR; };
		C1735AC0B76003BF1B22C69D /* Pods-MOS-iOSTests.release.xcconfig */ = {isa = PBXFileReference; includeInIndex = 1; lastKnownFileType = text.xcconfig; name = "Pods-MOS-iOSTests.release.xcconfig"; path = "Pods/Target Support Files/Pods-MOS-iOSTests/Pods-MOS-iOSTests.release.xcconfig"; sourceTree = "<group>"; };
		E165DA1D8C6C06A9D63B8F89 /* Pods_MOS_iOSTests.framework */ = {isa = PBXFileReference; explicitFileType = wrapper.framework; includeInIndex = 0; path = Pods_MOS_iOSTests.framework; sourceTree = BUILT_PRODUCTS_DIR; };
		F23D58E8AE49B2A281F81007 /* Pods-MOS-iOSTests.debug.xcconfig */ = {isa = PBXFileReference; includeInIndex = 1; lastKnownFileType = text.xcconfig; name = "Pods-MOS-iOSTests.debug.xcconfig"; path = "Pods/Target Support Files/Pods-MOS-iOSTests/Pods-MOS-iOSTests.debug.xcconfig"; sourceTree = "<group>"; };
/* End PBXFileReference section */

/* Begin PBXFrameworksBuildPhase section */
		6838C99D2249F33100FB802A /* Frameworks */ = {
			isa = PBXFrameworksBuildPhase;
			buildActionMask = 2147483647;
			files = (
				5113053E89E5FD4B944D1838 /* Pods_MOS_iOS.framework in Frameworks */,
			);
			runOnlyForDeploymentPostprocessing = 0;
		};
		6838C9B42249F33300FB802A /* Frameworks */ = {
			isa = PBXFrameworksBuildPhase;
			buildActionMask = 2147483647;
			files = (
				0C730E0515FF852FD5F002C2 /* Pods_MOS_iOSTests.framework in Frameworks */,
			);
			runOnlyForDeploymentPostprocessing = 0;
		};
		6838C9BF2249F33300FB802A /* Frameworks */ = {
			isa = PBXFrameworksBuildPhase;
			buildActionMask = 2147483647;
			files = (
				D98E771418BAD35F8E1CE200 /* Pods_MOS_iOSUITests.framework in Frameworks */,
			);
			runOnlyForDeploymentPostprocessing = 0;
		};
/* End PBXFrameworksBuildPhase section */

/* Begin PBXGroup section */
		680B10CC226D54AA00166458 /* Path */ = {
			isa = PBXGroup;
			children = (
				680B10CD226D54C400166458 /* APIProtocol.swift */,
				68BF6D9422714090007C6DB0 /* PostsApi.swift */,
				68BF6D9622714191007C6DB0 /* MyPageApi.swift */,
			);
			path = Path;
			sourceTree = "<group>";
		};
		68236B4D22670378007BB672 /* ViewModel */ = {
			isa = PBXGroup;
			children = (
				6839D8BB228D3654002C1135 /* Posts */,
				68236B4E226703A9007BB672 /* Login */,
			);
			path = ViewModel;
			sourceTree = "<group>";
		};
		68236B4E226703A9007BB672 /* Login */ = {
			isa = PBXGroup;
			children = (
				68236B4F226703BA007BB672 /* StartViewModel.swift */,
				68236B53226707F8007BB672 /* LoginViewModel.swift */,
			);
			path = Login;
			sourceTree = "<group>";
		};
		68386BC32250F2D9007BEB71 /* Image */ = {
			isa = PBXGroup;
			children = (
				6839DA46227714FC00AA12D6 /* user.png */,
				68236B4B2266F9D6007BB672 /* filterIcon.png */,
			);
			path = Image;
			sourceTree = "<group>";
		};
		68386BC42250F2E7007BEB71 /* Network */ = {
			isa = PBXGroup;
			children = (
				680B10CC226D54AA00166458 /* Path */,
				683D76D2226E8A7300ED1248 /* Connector.swift */,
				6839DA442277090C00AA12D6 /* Api.swift */,
			);
			path = Network;
			sourceTree = "<group>";
		};
		68386BC52250F302007BEB71 /* Util */ = {
			isa = PBXGroup;
			children = (
				68386BC82250F422007BEB71 /* Colors.swift */,
				6801599D2265B61C00C003FA /* Base.swift */,
			);
			path = Util;
			sourceTree = "<group>";
		};
		68386BCA2250F8AD007BEB71 /* Login */ = {
			isa = PBXGroup;
			children = (
				68386BCB2250F8D5007BEB71 /* StartVC.swift */,
				68386BCD2250F917007BEB71 /* SignUpVC.swift */,
				6801599B226552C400C003FA /* SignInVC.swift */,
			);
			path = Login;
			sourceTree = "<group>";
		};
		6838C9972249F33100FB802A = {
			isa = PBXGroup;
			children = (
				6838C9A22249F33100FB802A /* MOS-iOS */,
				6838C9BA2249F33300FB802A /* MOS-iOSTests */,
				6838C9C52249F33300FB802A /* MOS-iOSUITests */,
				6838C9A12249F33100FB802A /* Products */,
				AD32E83F2851A3754F831671 /* Pods */,
				CEF8845375AD54574D577CC8 /* Frameworks */,
			);
			sourceTree = "<group>";
		};
		6838C9A12249F33100FB802A /* Products */ = {
			isa = PBXGroup;
			children = (
				6838C9A02249F33100FB802A /* MOS-iOS.app */,
				6838C9B72249F33300FB802A /* MOS-iOSTests.xctest */,
				6838C9C22249F33300FB802A /* MOS-iOSUITests.xctest */,
			);
			name = Products;
			sourceTree = "<group>";
		};
		6838C9A22249F33100FB802A /* MOS-iOS */ = {
			isa = PBXGroup;
			children = (
				6839D8B8228D3296002C1135 /* Views */,
				6839D8B5228D2153002C1135 /* Model */,
				68236B4D22670378007BB672 /* ViewModel */,
				68386BC52250F302007BEB71 /* Util */,
				68386BC42250F2E7007BEB71 /* Network */,
				68386BC32250F2D9007BEB71 /* Image */,
				6838C9D7224A020200FB802A /* VC */,
				6838C9A32249F33100FB802A /* AppDelegate.swift */,
				6838C9AD2249F33300FB802A /* Assets.xcassets */,
				6838C9AF2249F33300FB802A /* LaunchScreen.storyboard */,
				6838C9B22249F33300FB802A /* Info.plist */,
				6838C9AA2249F33100FB802A /* MOS_iOS.xcdatamodeld */,
			);
			path = "MOS-iOS";
			sourceTree = "<group>";
		};
		6838C9BA2249F33300FB802A /* MOS-iOSTests */ = {
			isa = PBXGroup;
			children = (
				6838C9BB2249F33300FB802A /* MOS_iOSTests.swift */,
				6838C9BD2249F33300FB802A /* Info.plist */,
			);
			path = "MOS-iOSTests";
			sourceTree = "<group>";
		};
		6838C9C52249F33300FB802A /* MOS-iOSUITests */ = {
			isa = PBXGroup;
			children = (
				6838C9C62249F33300FB802A /* MOS_iOSUITests.swift */,
				6838C9C82249F33300FB802A /* Info.plist */,
			);
			path = "MOS-iOSUITests";
			sourceTree = "<group>";
		};
		6838C9D7224A020200FB802A /* VC */ = {
			isa = PBXGroup;
			children = (
				68E0952722519A1C004E8ADC /* Posts */,
				68386BCA2250F8AD007BEB71 /* Login */,
				68E0952922519A27004E8ADC /* MyPage */,
			);
			path = VC;
			sourceTree = "<group>";
		};
		6839D8B5228D2153002C1135 /* Model */ = {
			isa = PBXGroup;
			children = (
				6839D8B6228D2161002C1135 /* TokenModel.swift */,
			);
			path = Model;
			sourceTree = "<group>";
		};
		6839D8B8228D3296002C1135 /* Views */ = {
			isa = PBXGroup;
			children = (
				6839D8B9228D32A4002C1135 /* LoginNodes.swift */,
			);
			path = Views;
			sourceTree = "<group>";
		};
		6839D8BB228D3654002C1135 /* Posts */ = {
			isa = PBXGroup;
			children = (
				6839DA42227707BC00AA12D6 /* PostsViewModel.swift */,
			);
			path = Posts;
			sourceTree = "<group>";
		};
		68E0952722519A1C004E8ADC /* Posts */ = {
			isa = PBXGroup;
			children = (
				68E0952E22519A8D004E8ADC /* PostsVC.swift */,
				68420A262275E225001AD39E /* PostsCell.swift */,
			);
			path = Posts;
			sourceTree = "<group>";
		};
		68E0952922519A27004E8ADC /* MyPage */ = {
			isa = PBXGroup;
			children = (
				68E0952A22519A4A004E8ADC /* MyPageVC.swift */,
			);
			path = MyPage;
			sourceTree = "<group>";
		};
		AD32E83F2851A3754F831671 /* Pods */ = {
			isa = PBXGroup;
			children = (
				84F4AFAB072E2207B7CFE490 /* Pods-MOS-iOS.debug.xcconfig */,
				0C8792827A0F86AE64AB5A09 /* Pods-MOS-iOS.release.xcconfig */,
				F23D58E8AE49B2A281F81007 /* Pods-MOS-iOSTests.debug.xcconfig */,
				C1735AC0B76003BF1B22C69D /* Pods-MOS-iOSTests.release.xcconfig */,
				4D62EDFE0E8853A5F65C7193 /* Pods-MOS-iOSUITests.debug.xcconfig */,
				08FC94CCE83B0CB8F096A240 /* Pods-MOS-iOSUITests.release.xcconfig */,
			);
			name = Pods;
			sourceTree = "<group>";
		};
		CEF8845375AD54574D577CC8 /* Frameworks */ = {
			isa = PBXGroup;
			children = (
				9419DB723ED3221E81C298F8 /* Pods_MOS_iOS.framework */,
				E165DA1D8C6C06A9D63B8F89 /* Pods_MOS_iOSTests.framework */,
				A89381DDD70219252A742CF7 /* Pods_MOS_iOSUITests.framework */,
			);
			name = Frameworks;
			sourceTree = "<group>";
		};
/* End PBXGroup section */

/* Begin PBXNativeTarget section */
		6838C99F2249F33100FB802A /* MOS-iOS */ = {
			isa = PBXNativeTarget;
			buildConfigurationList = 6838C9CB2249F33300FB802A /* Build configuration list for PBXNativeTarget "MOS-iOS" */;
			buildPhases = (
				F5A308C049E25623B4407152 /* [CP] Check Pods Manifest.lock */,
				6838C99C2249F33100FB802A /* Sources */,
				6838C99D2249F33100FB802A /* Frameworks */,
				6838C99E2249F33100FB802A /* Resources */,
				099A9460577EA419596482DA /* [CP] Embed Pods Frameworks */,
			);
			buildRules = (
			);
			dependencies = (
			);
			name = "MOS-iOS";
			productName = "MOS-iOS";
			productReference = 6838C9A02249F33100FB802A /* MOS-iOS.app */;
			productType = "com.apple.product-type.application";
		};
		6838C9B62249F33300FB802A /* MOS-iOSTests */ = {
			isa = PBXNativeTarget;
			buildConfigurationList = 6838C9CE2249F33300FB802A /* Build configuration list for PBXNativeTarget "MOS-iOSTests" */;
			buildPhases = (
				39751B76FC94EF1091B5C05A /* [CP] Check Pods Manifest.lock */,
				6838C9B32249F33300FB802A /* Sources */,
				6838C9B42249F33300FB802A /* Frameworks */,
				6838C9B52249F33300FB802A /* Resources */,
			);
			buildRules = (
			);
			dependencies = (
				6838C9B92249F33300FB802A /* PBXTargetDependency */,
			);
			name = "MOS-iOSTests";
			productName = "MOS-iOSTests";
			productReference = 6838C9B72249F33300FB802A /* MOS-iOSTests.xctest */;
			productType = "com.apple.product-type.bundle.unit-test";
		};
		6838C9C12249F33300FB802A /* MOS-iOSUITests */ = {
			isa = PBXNativeTarget;
			buildConfigurationList = 6838C9D12249F33300FB802A /* Build configuration list for PBXNativeTarget "MOS-iOSUITests" */;
			buildPhases = (
				E2958C6B453FD833F3D0D6A2 /* [CP] Check Pods Manifest.lock */,
				6838C9BE2249F33300FB802A /* Sources */,
				6838C9BF2249F33300FB802A /* Frameworks */,
				6838C9C02249F33300FB802A /* Resources */,
			);
			buildRules = (
			);
			dependencies = (
				6838C9C42249F33300FB802A /* PBXTargetDependency */,
			);
			name = "MOS-iOSUITests";
			productName = "MOS-iOSUITests";
			productReference = 6838C9C22249F33300FB802A /* MOS-iOSUITests.xctest */;
			productType = "com.apple.product-type.bundle.ui-testing";
		};
/* End PBXNativeTarget section */

/* Begin PBXProject section */
		6838C9982249F33100FB802A /* Project object */ = {
			isa = PBXProject;
			attributes = {
				LastSwiftUpdateCheck = 1010;
				LastUpgradeCheck = 1010;
				ORGANIZATIONNAME = "조우진";
				TargetAttributes = {
					6838C99F2249F33100FB802A = {
						CreatedOnToolsVersion = 10.1;
					};
					6838C9B62249F33300FB802A = {
						CreatedOnToolsVersion = 10.1;
						TestTargetID = 6838C99F2249F33100FB802A;
					};
					6838C9C12249F33300FB802A = {
						CreatedOnToolsVersion = 10.1;
						TestTargetID = 6838C99F2249F33100FB802A;
					};
				};
			};
			buildConfigurationList = 6838C99B2249F33100FB802A /* Build configuration list for PBXProject "MOS-iOS" */;
			compatibilityVersion = "Xcode 9.3";
			developmentRegion = en;
			hasScannedForEncodings = 0;
			knownRegions = (
				en,
				Base,
			);
			mainGroup = 6838C9972249F33100FB802A;
			productRefGroup = 6838C9A12249F33100FB802A /* Products */;
			projectDirPath = "";
			projectRoot = "";
			targets = (
				6838C99F2249F33100FB802A /* MOS-iOS */,
				6838C9B62249F33300FB802A /* MOS-iOSTests */,
				6838C9C12249F33300FB802A /* MOS-iOSUITests */,
			);
		};
/* End PBXProject section */

/* Begin PBXResourcesBuildPhase section */
		6838C99E2249F33100FB802A /* Resources */ = {
			isa = PBXResourcesBuildPhase;
			buildActionMask = 2147483647;
			files = (
				6838C9B12249F33300FB802A /* LaunchScreen.storyboard in Resources */,
				6838C9AE2249F33300FB802A /* Assets.xcassets in Resources */,
				6839DA47227714FC00AA12D6 /* user.png in Resources */,
				68236B4C2266F9D6007BB672 /* filterIcon.png in Resources */,
			);
			runOnlyForDeploymentPostprocessing = 0;
		};
		6838C9B52249F33300FB802A /* Resources */ = {
			isa = PBXResourcesBuildPhase;
			buildActionMask = 2147483647;
			files = (
			);
			runOnlyForDeploymentPostprocessing = 0;
		};
		6838C9C02249F33300FB802A /* Resources */ = {
			isa = PBXResourcesBuildPhase;
			buildActionMask = 2147483647;
			files = (
			);
			runOnlyForDeploymentPostprocessing = 0;
		};
/* End PBXResourcesBuildPhase section */

/* Begin PBXShellScriptBuildPhase section */
		099A9460577EA419596482DA /* [CP] Embed Pods Frameworks */ = {
			isa = PBXShellScriptBuildPhase;
			buildActionMask = 2147483647;
			files = (
			);
			inputFileListPaths = (
			);
			inputPaths = (
				"${SRCROOT}/Pods/Target Support Files/Pods-MOS-iOS/Pods-MOS-iOS-frameworks.sh",
				"${BUILT_PRODUCTS_DIR}/Alamofire/Alamofire.framework",
				"${BUILT_PRODUCTS_DIR}/PINCache/PINCache.framework",
				"${BUILT_PRODUCTS_DIR}/PINOperation/PINOperation.framework",
				"${BUILT_PRODUCTS_DIR}/PINRemoteImage/PINRemoteImage.framework",
				"${BUILT_PRODUCTS_DIR}/RxASControlEvent/RxASControlEvent.framework",
				"${BUILT_PRODUCTS_DIR}/RxAlamofire/RxAlamofire.framework",
				"${BUILT_PRODUCTS_DIR}/RxCocoa/RxCocoa.framework",
				"${BUILT_PRODUCTS_DIR}/RxCocoa-Texture/RxCocoa_Texture.framework",
				"${BUILT_PRODUCTS_DIR}/RxSwift/RxSwift.framework",
				"${BUILT_PRODUCTS_DIR}/Texture/AsyncDisplayKit.framework",
			);
			name = "[CP] Embed Pods Frameworks";
			outputFileListPaths = (
			);
			outputPaths = (
				"${TARGET_BUILD_DIR}/${FRAMEWORKS_FOLDER_PATH}/Alamofire.framework",
				"${TARGET_BUILD_DIR}/${FRAMEWORKS_FOLDER_PATH}/PINCache.framework",
				"${TARGET_BUILD_DIR}/${FRAMEWORKS_FOLDER_PATH}/PINOperation.framework",
				"${TARGET_BUILD_DIR}/${FRAMEWORKS_FOLDER_PATH}/PINRemoteImage.framework",
				"${TARGET_BUILD_DIR}/${FRAMEWORKS_FOLDER_PATH}/RxASControlEvent.framework",
				"${TARGET_BUILD_DIR}/${FRAMEWORKS_FOLDER_PATH}/RxAlamofire.framework",
				"${TARGET_BUILD_DIR}/${FRAMEWORKS_FOLDER_PATH}/RxCocoa.framework",
				"${TARGET_BUILD_DIR}/${FRAMEWORKS_FOLDER_PATH}/RxCocoa_Texture.framework",
				"${TARGET_BUILD_DIR}/${FRAMEWORKS_FOLDER_PATH}/RxSwift.framework",
				"${TARGET_BUILD_DIR}/${FRAMEWORKS_FOLDER_PATH}/AsyncDisplayKit.framework",
			);
			runOnlyForDeploymentPostprocessing = 0;
			shellPath = /bin/sh;
			shellScript = "\"${SRCROOT}/Pods/Target Support Files/Pods-MOS-iOS/Pods-MOS-iOS-frameworks.sh\"\n";
			showEnvVarsInLog = 0;
		};
		39751B76FC94EF1091B5C05A /* [CP] Check Pods Manifest.lock */ = {
			isa = PBXShellScriptBuildPhase;
			buildActionMask = 2147483647;
			files = (
			);
			inputFileListPaths = (
			);
			inputPaths = (
				"${PODS_PODFILE_DIR_PATH}/Podfile.lock",
				"${PODS_ROOT}/Manifest.lock",
			);
			name = "[CP] Check Pods Manifest.lock";
			outputFileListPaths = (
			);
			outputPaths = (
				"$(DERIVED_FILE_DIR)/Pods-MOS-iOSTests-checkManifestLockResult.txt",
			);
			runOnlyForDeploymentPostprocessing = 0;
			shellPath = /bin/sh;
			shellScript = "diff \"${PODS_PODFILE_DIR_PATH}/Podfile.lock\" \"${PODS_ROOT}/Manifest.lock\" > /dev/null\nif [ $? != 0 ] ; then\n    # print error to STDERR\n    echo \"error: The sandbox is not in sync with the Podfile.lock. Run 'pod install' or update your CocoaPods installation.\" >&2\n    exit 1\nfi\n# This output is used by Xcode 'outputs' to avoid re-running this script phase.\necho \"SUCCESS\" > \"${SCRIPT_OUTPUT_FILE_0}\"\n";
			showEnvVarsInLog = 0;
		};
		E2958C6B453FD833F3D0D6A2 /* [CP] Check Pods Manifest.lock */ = {
			isa = PBXShellScriptBuildPhase;
			buildActionMask = 2147483647;
			files = (
			);
			inputFileListPaths = (
			);
			inputPaths = (
				"${PODS_PODFILE_DIR_PATH}/Podfile.lock",
				"${PODS_ROOT}/Manifest.lock",
			);
			name = "[CP] Check Pods Manifest.lock";
			outputFileListPaths = (
			);
			outputPaths = (
				"$(DERIVED_FILE_DIR)/Pods-MOS-iOSUITests-checkManifestLockResult.txt",
			);
			runOnlyForDeploymentPostprocessing = 0;
			shellPath = /bin/sh;
			shellScript = "diff \"${PODS_PODFILE_DIR_PATH}/Podfile.lock\" \"${PODS_ROOT}/Manifest.lock\" > /dev/null\nif [ $? != 0 ] ; then\n    # print error to STDERR\n    echo \"error: The sandbox is not in sync with the Podfile.lock. Run 'pod install' or update your CocoaPods installation.\" >&2\n    exit 1\nfi\n# This output is used by Xcode 'outputs' to avoid re-running this script phase.\necho \"SUCCESS\" > \"${SCRIPT_OUTPUT_FILE_0}\"\n";
			showEnvVarsInLog = 0;
		};
		F5A308C049E25623B4407152 /* [CP] Check Pods Manifest.lock */ = {
			isa = PBXShellScriptBuildPhase;
			buildActionMask = 2147483647;
			files = (
			);
			inputFileListPaths = (
			);
			inputPaths = (
				"${PODS_PODFILE_DIR_PATH}/Podfile.lock",
				"${PODS_ROOT}/Manifest.lock",
			);
			name = "[CP] Check Pods Manifest.lock";
			outputFileListPaths = (
			);
			outputPaths = (
				"$(DERIVED_FILE_DIR)/Pods-MOS-iOS-checkManifestLockResult.txt",
			);
			runOnlyForDeploymentPostprocessing = 0;
			shellPath = /bin/sh;
			shellScript = "diff \"${PODS_PODFILE_DIR_PATH}/Podfile.lock\" \"${PODS_ROOT}/Manifest.lock\" > /dev/null\nif [ $? != 0 ] ; then\n    # print error to STDERR\n    echo \"error: The sandbox is not in sync with the Podfile.lock. Run 'pod install' or update your CocoaPods installation.\" >&2\n    exit 1\nfi\n# This output is used by Xcode 'outputs' to avoid re-running this script phase.\necho \"SUCCESS\" > \"${SCRIPT_OUTPUT_FILE_0}\"\n";
			showEnvVarsInLog = 0;
		};
/* End PBXShellScriptBuildPhase section */

/* Begin PBXSourcesBuildPhase section */
		6838C99C2249F33100FB802A /* Sources */ = {
			isa = PBXSourcesBuildPhase;
			buildActionMask = 2147483647;
			files = (
				6839D8B7228D2161002C1135 /* TokenModel.swift in Sources */,
				68386BCE2250F917007BEB71 /* SignUpVC.swift in Sources */,
				6839DA452277090C00AA12D6 /* Api.swift in Sources */,
				68236B54226707F8007BB672 /* LoginViewModel.swift in Sources */,
				6838C9AC2249F33100FB802A /* MOS_iOS.xcdatamodeld in Sources */,
				683D76D3226E8A7300ED1248 /* Connector.swift in Sources */,
				68236B50226703BA007BB672 /* StartViewModel.swift in Sources */,
				6801599E2265B61C00C003FA /* Base.swift in Sources */,
				68386BC92250F422007BEB71 /* Colors.swift in Sources */,
				68386BCC2250F8D5007BEB71 /* StartVC.swift in Sources */,
				68E0952B22519A4A004E8ADC /* MyPageVC.swift in Sources */,
				680B10CE226D54C400166458 /* APIProtocol.swift in Sources */,
				6838C9A42249F33100FB802A /* AppDelegate.swift in Sources */,
				6801599C226552C400C003FA /* SignInVC.swift in Sources */,
				68BF6D9522714090007C6DB0 /* PostsApi.swift in Sources */,
				6839DA43227707BC00AA12D6 /* PostsViewModel.swift in Sources */,
				68BF6D9722714191007C6DB0 /* MyPageApi.swift in Sources */,
				6839D8BA228D32A4002C1135 /* LoginNodes.swift in Sources */,
				68420A272275E225001AD39E /* PostsCell.swift in Sources */,
				68E0952F22519A8D004E8ADC /* PostsVC.swift in Sources */,
			);
			runOnlyForDeploymentPostprocessing = 0;
		};
		6838C9B32249F33300FB802A /* Sources */ = {
			isa = PBXSourcesBuildPhase;
			buildActionMask = 2147483647;
			files = (
				6838C9BC2249F33300FB802A /* MOS_iOSTests.swift in Sources */,
			);
			runOnlyForDeploymentPostprocessing = 0;
		};
		6838C9BE2249F33300FB802A /* Sources */ = {
			isa = PBXSourcesBuildPhase;
			buildActionMask = 2147483647;
			files = (
				6838C9C72249F33300FB802A /* MOS_iOSUITests.swift in Sources */,
			);
			runOnlyForDeploymentPostprocessing = 0;
		};
/* End PBXSourcesBuildPhase section */

/* Begin PBXTargetDependency section */
		6838C9B92249F33300FB802A /* PBXTargetDependency */ = {
			isa = PBXTargetDependency;
			target = 6838C99F2249F33100FB802A /* MOS-iOS */;
			targetProxy = 6838C9B82249F33300FB802A /* PBXContainerItemProxy */;
		};
		6838C9C42249F33300FB802A /* PBXTargetDependency */ = {
			isa = PBXTargetDependency;
			target = 6838C99F2249F33100FB802A /* MOS-iOS */;
			targetProxy = 6838C9C32249F33300FB802A /* PBXContainerItemProxy */;
		};
/* End PBXTargetDependency section */

/* Begin PBXVariantGroup section */
		6838C9AF2249F33300FB802A /* LaunchScreen.storyboard */ = {
			isa = PBXVariantGroup;
			children = (
				6838C9B02249F33300FB802A /* Base */,
			);
			name = LaunchScreen.storyboard;
			sourceTree = "<group>";
		};
/* End PBXVariantGroup section */

/* Begin XCBuildConfiguration section */
		6838C9C92249F33300FB802A /* Debug */ = {
			isa = XCBuildConfiguration;
			buildSettings = {
				ALWAYS_SEARCH_USER_PATHS = NO;
				CLANG_ANALYZER_NONNULL = YES;
				CLANG_ANALYZER_NUMBER_OBJECT_CONVERSION = YES_AGGRESSIVE;
				CLANG_CXX_LANGUAGE_STANDARD = "gnu++14";
				CLANG_CXX_LIBRARY = "libc++";
				CLANG_ENABLE_MODULES = YES;
				CLANG_ENABLE_OBJC_ARC = YES;
				CLANG_ENABLE_OBJC_WEAK = YES;
				CLANG_WARN_BLOCK_CAPTURE_AUTORELEASING = YES;
				CLANG_WARN_BOOL_CONVERSION = YES;
				CLANG_WARN_COMMA = YES;
				CLANG_WARN_CONSTANT_CONVERSION = YES;
				CLANG_WARN_DEPRECATED_OBJC_IMPLEMENTATIONS = YES;
				CLANG_WARN_DIRECT_OBJC_ISA_USAGE = YES_ERROR;
				CLANG_WARN_DOCUMENTATION_COMMENTS = YES;
				CLANG_WARN_EMPTY_BODY = YES;
				CLANG_WARN_ENUM_CONVERSION = YES;
				CLANG_WARN_INFINITE_RECURSION = YES;
				CLANG_WARN_INT_CONVERSION = YES;
				CLANG_WARN_NON_LITERAL_NULL_CONVERSION = YES;
				CLANG_WARN_OBJC_IMPLICIT_RETAIN_SELF = YES;
				CLANG_WARN_OBJC_LITERAL_CONVERSION = YES;
				CLANG_WARN_OBJC_ROOT_CLASS = YES_ERROR;
				CLANG_WARN_RANGE_LOOP_ANALYSIS = YES;
				CLANG_WARN_STRICT_PROTOTYPES = YES;
				CLANG_WARN_SUSPICIOUS_MOVE = YES;
				CLANG_WARN_UNGUARDED_AVAILABILITY = YES_AGGRESSIVE;
				CLANG_WARN_UNREACHABLE_CODE = YES;
				CLANG_WARN__DUPLICATE_METHOD_MATCH = YES;
				CODE_SIGN_IDENTITY = "iPhone Developer";
				COPY_PHASE_STRIP = NO;
				DEBUG_INFORMATION_FORMAT = dwarf;
				ENABLE_STRICT_OBJC_MSGSEND = YES;
				ENABLE_TESTABILITY = YES;
				GCC_C_LANGUAGE_STANDARD = gnu11;
				GCC_DYNAMIC_NO_PIC = NO;
				GCC_NO_COMMON_BLOCKS = YES;
				GCC_OPTIMIZATION_LEVEL = 0;
				GCC_PREPROCESSOR_DEFINITIONS = (
					"DEBUG=1",
					"$(inherited)",
				);
				GCC_WARN_64_TO_32_BIT_CONVERSION = YES;
				GCC_WARN_ABOUT_RETURN_TYPE = YES_ERROR;
				GCC_WARN_UNDECLARED_SELECTOR = YES;
				GCC_WARN_UNINITIALIZED_AUTOS = YES_AGGRESSIVE;
				GCC_WARN_UNUSED_FUNCTION = YES;
				GCC_WARN_UNUSED_VARIABLE = YES;
				IPHONEOS_DEPLOYMENT_TARGET = 12.1;
				MTL_ENABLE_DEBUG_INFO = INCLUDE_SOURCE;
				MTL_FAST_MATH = YES;
				ONLY_ACTIVE_ARCH = YES;
				SDKROOT = iphoneos;
				SWIFT_ACTIVE_COMPILATION_CONDITIONS = DEBUG;
				SWIFT_OPTIMIZATION_LEVEL = "-Onone";
			};
			name = Debug;
		};
		6838C9CA2249F33300FB802A /* Release */ = {
			isa = XCBuildConfiguration;
			buildSettings = {
				ALWAYS_SEARCH_USER_PATHS = NO;
				CLANG_ANALYZER_NONNULL = YES;
				CLANG_ANALYZER_NUMBER_OBJECT_CONVERSION = YES_AGGRESSIVE;
				CLANG_CXX_LANGUAGE_STANDARD = "gnu++14";
				CLANG_CXX_LIBRARY = "libc++";
				CLANG_ENABLE_MODULES = YES;
				CLANG_ENABLE_OBJC_ARC = YES;
				CLANG_ENABLE_OBJC_WEAK = YES;
				CLANG_WARN_BLOCK_CAPTURE_AUTORELEASING = YES;
				CLANG_WARN_BOOL_CONVERSION = YES;
				CLANG_WARN_COMMA = YES;
				CLANG_WARN_CONSTANT_CONVERSION = YES;
				CLANG_WARN_DEPRECATED_OBJC_IMPLEMENTATIONS = YES;
				CLANG_WARN_DIRECT_OBJC_ISA_USAGE = YES_ERROR;
				CLANG_WARN_DOCUMENTATION_COMMENTS = YES;
				CLANG_WARN_EMPTY_BODY = YES;
				CLANG_WARN_ENUM_CONVERSION = YES;
				CLANG_WARN_INFINITE_RECURSION = YES;
				CLANG_WARN_INT_CONVERSION = YES;
				CLANG_WARN_NON_LITERAL_NULL_CONVERSION = YES;
				CLANG_WARN_OBJC_IMPLICIT_RETAIN_SELF = YES;
				CLANG_WARN_OBJC_LITERAL_CONVERSION = YES;
				CLANG_WARN_OBJC_ROOT_CLASS = YES_ERROR;
				CLANG_WARN_RANGE_LOOP_ANALYSIS = YES;
				CLANG_WARN_STRICT_PROTOTYPES = YES;
				CLANG_WARN_SUSPICIOUS_MOVE = YES;
				CLANG_WARN_UNGUARDED_AVAILABILITY = YES_AGGRESSIVE;
				CLANG_WARN_UNREACHABLE_CODE = YES;
				CLANG_WARN__DUPLICATE_METHOD_MATCH = YES;
				CODE_SIGN_IDENTITY = "iPhone Developer";
				COPY_PHASE_STRIP = NO;
				DEBUG_INFORMATION_FORMAT = "dwarf-with-dsym";
				ENABLE_NS_ASSERTIONS = NO;
				ENABLE_STRICT_OBJC_MSGSEND = YES;
				GCC_C_LANGUAGE_STANDARD = gnu11;
				GCC_NO_COMMON_BLOCKS = YES;
				GCC_WARN_64_TO_32_BIT_CONVERSION = YES;
				GCC_WARN_ABOUT_RETURN_TYPE = YES_ERROR;
				GCC_WARN_UNDECLARED_SELECTOR = YES;
				GCC_WARN_UNINITIALIZED_AUTOS = YES_AGGRESSIVE;
				GCC_WARN_UNUSED_FUNCTION = YES;
				GCC_WARN_UNUSED_VARIABLE = YES;
				IPHONEOS_DEPLOYMENT_TARGET = 12.1;
				MTL_ENABLE_DEBUG_INFO = NO;
				MTL_FAST_MATH = YES;
				SDKROOT = iphoneos;
				SWIFT_COMPILATION_MODE = wholemodule;
				SWIFT_OPTIMIZATION_LEVEL = "-O";
				VALIDATE_PRODUCT = YES;
			};
			name = Release;
		};
		6838C9CC2249F33300FB802A /* Debug */ = {
			isa = XCBuildConfiguration;
			baseConfigurationReference = 84F4AFAB072E2207B7CFE490 /* Pods-MOS-iOS.debug.xcconfig */;
			buildSettings = {
				ASSETCATALOG_COMPILER_APPICON_NAME = AppIcon;
				CODE_SIGN_STYLE = Automatic;
				DEVELOPMENT_TEAM = SSZ5VFB95C;
				INFOPLIST_FILE = "MOS-iOS/Info.plist";
				LD_RUNPATH_SEARCH_PATHS = (
					"$(inherited)",
					"@executable_path/Frameworks",
				);
				PRODUCT_BUNDLE_IDENTIFIER = "com.woopa.MOS-iOS";
				PRODUCT_NAME = "$(TARGET_NAME)";
				SWIFT_VERSION = 4.2;
				TARGETED_DEVICE_FAMILY = "1,2";
			};
			name = Debug;
		};
		6838C9CD2249F33300FB802A /* Release */ = {
			isa = XCBuildConfiguration;
			baseConfigurationReference = 0C8792827A0F86AE64AB5A09 /* Pods-MOS-iOS.release.xcconfig */;
			buildSettings = {
				ASSETCATALOG_COMPILER_APPICON_NAME = AppIcon;
				CODE_SIGN_STYLE = Automatic;
				DEVELOPMENT_TEAM = SSZ5VFB95C;
				INFOPLIST_FILE = "MOS-iOS/Info.plist";
				LD_RUNPATH_SEARCH_PATHS = (
					"$(inherited)",
					"@executable_path/Frameworks",
				);
				PRODUCT_BUNDLE_IDENTIFIER = "com.woopa.MOS-iOS";
				PRODUCT_NAME = "$(TARGET_NAME)";
				SWIFT_VERSION = 4.2;
				TARGETED_DEVICE_FAMILY = "1,2";
			};
			name = Release;
		};
		6838C9CF2249F33300FB802A /* Debug */ = {
			isa = XCBuildConfiguration;
			baseConfigurationReference = F23D58E8AE49B2A281F81007 /* Pods-MOS-iOSTests.debug.xcconfig */;
			buildSettings = {
				ALWAYS_EMBED_SWIFT_STANDARD_LIBRARIES = YES;
				BUNDLE_LOADER = "$(TEST_HOST)";
				CODE_SIGN_STYLE = Automatic;
				DEVELOPMENT_TEAM = SSZ5VFB95C;
				INFOPLIST_FILE = "MOS-iOSTests/Info.plist";
				LD_RUNPATH_SEARCH_PATHS = (
					"$(inherited)",
					"@executable_path/Frameworks",
					"@loader_path/Frameworks",
				);
				PRODUCT_BUNDLE_IDENTIFIER = "com.woopa.MOS-iOSTests";
				PRODUCT_NAME = "$(TARGET_NAME)";
				SWIFT_VERSION = 4.2;
				TARGETED_DEVICE_FAMILY = "1,2";
				TEST_HOST = "$(BUILT_PRODUCTS_DIR)/MOS-iOS.app/MOS-iOS";
			};
			name = Debug;
		};
		6838C9D02249F33300FB802A /* Release */ = {
			isa = XCBuildConfiguration;
			baseConfigurationReference = C1735AC0B76003BF1B22C69D /* Pods-MOS-iOSTests.release.xcconfig */;
			buildSettings = {
				ALWAYS_EMBED_SWIFT_STANDARD_LIBRARIES = YES;
				BUNDLE_LOADER = "$(TEST_HOST)";
				CODE_SIGN_STYLE = Automatic;
				DEVELOPMENT_TEAM = SSZ5VFB95C;
				INFOPLIST_FILE = "MOS-iOSTests/Info.plist";
				LD_RUNPATH_SEARCH_PATHS = (
					"$(inherited)",
					"@executable_path/Frameworks",
					"@loader_path/Frameworks",
				);
				PRODUCT_BUNDLE_IDENTIFIER = "com.woopa.MOS-iOSTests";
				PRODUCT_NAME = "$(TARGET_NAME)";
				SWIFT_VERSION = 4.2;
				TARGETED_DEVICE_FAMILY = "1,2";
				TEST_HOST = "$(BUILT_PRODUCTS_DIR)/MOS-iOS.app/MOS-iOS";
			};
			name = Release;
		};
		6838C9D22249F33300FB802A /* Debug */ = {
			isa = XCBuildConfiguration;
			baseConfigurationReference = 4D62EDFE0E8853A5F65C7193 /* Pods-MOS-iOSUITests.debug.xcconfig */;
			buildSettings = {
				ALWAYS_EMBED_SWIFT_STANDARD_LIBRARIES = YES;
				CODE_SIGN_STYLE = Automatic;
				DEVELOPMENT_TEAM = SSZ5VFB95C;
				INFOPLIST_FILE = "MOS-iOSUITests/Info.plist";
				LD_RUNPATH_SEARCH_PATHS = (
					"$(inherited)",
					"@executable_path/Frameworks",
					"@loader_path/Frameworks",
				);
				PRODUCT_BUNDLE_IDENTIFIER = "com.woopa.MOS-iOSUITests";
				PRODUCT_NAME = "$(TARGET_NAME)";
				SWIFT_VERSION = 4.2;
				TARGETED_DEVICE_FAMILY = "1,2";
				TEST_TARGET_NAME = "MOS-iOS";
			};
			name = Debug;
		};
		6838C9D32249F33300FB802A /* Release */ = {
			isa = XCBuildConfiguration;
			baseConfigurationReference = 08FC94CCE83B0CB8F096A240 /* Pods-MOS-iOSUITests.release.xcconfig */;
			buildSettings = {
				ALWAYS_EMBED_SWIFT_STANDARD_LIBRARIES = YES;
				CODE_SIGN_STYLE = Automatic;
				DEVELOPMENT_TEAM = SSZ5VFB95C;
				INFOPLIST_FILE = "MOS-iOSUITests/Info.plist";
				LD_RUNPATH_SEARCH_PATHS = (
					"$(inherited)",
					"@executable_path/Frameworks",
					"@loader_path/Frameworks",
				);
				PRODUCT_BUNDLE_IDENTIFIER = "com.woopa.MOS-iOSUITests";
				PRODUCT_NAME = "$(TARGET_NAME)";
				SWIFT_VERSION = 4.2;
				TARGETED_DEVICE_FAMILY = "1,2";
				TEST_TARGET_NAME = "MOS-iOS";
			};
			name = Release;
		};
/* End XCBuildConfiguration section */

/* Begin XCConfigurationList section */
		6838C99B2249F33100FB802A /* Build configuration list for PBXProject "MOS-iOS" */ = {
			isa = XCConfigurationList;
			buildConfigurations = (
				6838C9C92249F33300FB802A /* Debug */,
				6838C9CA2249F33300FB802A /* Release */,
			);
			defaultConfigurationIsVisible = 0;
			defaultConfigurationName = Release;
		};
		6838C9CB2249F33300FB802A /* Build configuration list for PBXNativeTarget "MOS-iOS" */ = {
			isa = XCConfigurationList;
			buildConfigurations = (
				6838C9CC2249F33300FB802A /* Debug */,
				6838C9CD2249F33300FB802A /* Release */,
			);
			defaultConfigurationIsVisible = 0;
			defaultConfigurationName = Release;
		};
		6838C9CE2249F33300FB802A /* Build configuration list for PBXNativeTarget "MOS-iOSTests" */ = {
			isa = XCConfigurationList;
			buildConfigurations = (
				6838C9CF2249F33300FB802A /* Debug */,
				6838C9D02249F33300FB802A /* Release */,
			);
			defaultConfigurationIsVisible = 0;
			defaultConfigurationName = Release;
		};
		6838C9D12249F33300FB802A /* Build configuration list for PBXNativeTarget "MOS-iOSUITests" */ = {
			isa = XCConfigurationList;
			buildConfigurations = (
				6838C9D22249F33300FB802A /* Debug */,
				6838C9D32249F33300FB802A /* Release */,
			);
			defaultConfigurationIsVisible = 0;
			defaultConfigurationName = Release;
		};
/* End XCConfigurationList section */

/* Begin XCVersionGroup section */
		6838C9AA2249F33100FB802A /* MOS_iOS.xcdatamodeld */ = {
			isa = XCVersionGroup;
			children = (
				6838C9AB2249F33100FB802A /* MOS_iOS.xcdatamodel */,
			);
			currentVersion = 6838C9AB2249F33100FB802A /* MOS_iOS.xcdatamodel */;
			path = MOS_iOS.xcdatamodeld;
			sourceTree = "<group>";
			versionGroupType = wrapper.xcdatamodel;
		};
/* End XCVersionGroup section */
	};
	rootObject = 6838C9982249F33100FB802A /* Project object */;
}
